
Microsoft Visual Studio Solution File, Format Version 12.00
# Visual Studio Version 17
VisualStudioVersion = 17.4.33213.308
MinimumVisualStudioVersion = 10.0.40219.1
Project("{FAE04EC0-301F-11D3-BF4B-00C04F79EFBC}") = "TileRenderer.WindowsDX", "TileRenderer.WindowsDX\TileRenderer.WindowsDX.csproj", "{8D49DB02-5F0F-4F27-91B8-DE532E9C9AA7}"
EndProject
Project("{FAE04EC0-301F-11D3-BF4B-00C04F79EFBC}") = "TileRenderer.DesktopGL", "TileRenderer.DesktopGL\TileRenderer.DesktopGL.csproj", "{62145CD0-BE9A-4BAD-9626-5278A9106BC5}"
EndProject
Project("{9A19103F-16F7-4668-BE54-9A1E7A4F7556}") = "TileRenderer", "TileRenderer\TileRenderer.csproj", "{D3541E11-A1C1-44CC-A536-B0F843EB825D}"
	ProjectSection(ProjectDependencies) = postProject
		{18CCE8E0-2FFE-442D-B3F9-C071D81C1A12} = {18CCE8E0-2FFE-442D-B3F9-C071D81C1A12}
	EndProjectSection
EndProject
Project("{9A19103F-16F7-4668-BE54-9A1E7A4F7556}") = "TileRenderer.Pipeline", "TileRenderer.Pipeline\TileRenderer.Pipeline.csproj", "{18CCE8E0-2FFE-442D-B3F9-C071D81C1A12}"
EndProject
Project("{2150E333-8FDC-42A3-9474-1A3956D46DE8}") = "Platforms", "Platforms", "{440EEF7C-50B6-477F-A888-01F9EC6BDB84}"
EndProject
Project("{FAE04EC0-301F-11D3-BF4B-00C04F79EFBC}") = "TileRenderer.Android", "TileRenderer.Android\TileRenderer.Android.csproj", "{DF5C0EC7-547A-47FD-B3DF-FB5BBDDFCAAA}"
EndProject
Project("{9A19103F-16F7-4668-BE54-9A1E7A4F7556}") = "Content", "Content\Content.csproj", "{9F6F419A-3C65-4240-9386-439CC5CC2A96}"
EndProject
Global
	GlobalSection(SolutionConfigurationPlatforms) = preSolution
		Debug|Any CPU = Debug|Any CPU
		Debug|x86 = Debug|x86
		Release|Any CPU = Release|Any CPU
		Release|x86 = Release|x86
	EndGlobalSection
	GlobalSection(ProjectConfigurationPlatforms) = postSolution
		{8D49DB02-5F0F-4F27-91B8-DE532E9C9AA7}.Debug|Any CPU.ActiveCfg = Debug|x86
		{8D49DB02-5F0F-4F27-91B8-DE532E9C9AA7}.Debug|Any CPU.Build.0 = Debug|x86
		{8D49DB02-5F0F-4F27-91B8-DE532E9C9AA7}.Debug|x86.ActiveCfg = Debug|x86
		{8D49DB02-5F0F-4F27-91B8-DE532E9C9AA7}.Debug|x86.Build.0 = Debug|x86
		{8D49DB02-5F0F-4F27-91B8-DE532E9C9AA7}.Release|Any CPU.ActiveCfg = Release|x86
		{8D49DB02-5F0F-4F27-91B8-DE532E9C9AA7}.Release|Any CPU.Build.0 = Release|x86
		{8D49DB02-5F0F-4F27-91B8-DE532E9C9AA7}.Release|x86.ActiveCfg = Release|x86
		{8D49DB02-5F0F-4F27-91B8-DE532E9C9AA7}.Release|x86.Build.0 = Release|x86
		{62145CD0-BE9A-4BAD-9626-5278A9106BC5}.Debug|Any CPU.ActiveCfg = Debug|Any CPU
		{62145CD0-BE9A-4BAD-9626-5278A9106BC5}.Debug|Any CPU.Build.0 = Debug|Any CPU
		{62145CD0-BE9A-4BAD-9626-5278A9106BC5}.Debug|x86.ActiveCfg = Debug|Any CPU
		{62145CD0-BE9A-4BAD-9626-5278A9106BC5}.Debug|x86.Build.0 = Debug|Any CPU
		{62145CD0-BE9A-4BAD-9626-5278A9106BC5}.Release|Any CPU.ActiveCfg = Release|Any CPU
		{62145CD0-BE9A-4BAD-9626-5278A9106BC5}.Release|Any CPU.Build.0 = Release|Any CPU
		{62145CD0-BE9A-4BAD-9626-5278A9106BC5}.Release|x86.ActiveCfg = Release|Any CPU
		{62145CD0-BE9A-4BAD-9626-5278A9106BC5}.Release|x86.Build.0 = Release|Any CPU
		{D3541E11-A1C1-44CC-A536-B0F843EB825D}.Debug|Any CPU.ActiveCfg = Debug|Any CPU
		{D3541E11-A1C1-44CC-A536-B0F843EB825D}.Debug|Any CPU.Build.0 = Debug|Any CPU
		{D3541E11-A1C1-44CC-A536-B0F843EB825D}.Debug|x86.ActiveCfg = Debug|Any CPU
		{D3541E11-A1C1-44CC-A536-B0F843EB825D}.Debug|x86.Build.0 = Debug|Any CPU
		{D3541E11-A1C1-44CC-A536-B0F843EB825D}.Release|Any CPU.ActiveCfg = Release|Any CPU
		{D3541E11-A1C1-44CC-A536-B0F843EB825D}.Release|Any CPU.Build.0 = Release|Any CPU
		{D3541E11-A1C1-44CC-A536-B0F843EB825D}.Release|x86.ActiveCfg = Release|Any CPU
		{D3541E11-A1C1-44CC-A536-B0F843EB825D}.Release|x86.Build.0 = Release|Any CPU
		{18CCE8E0-2FFE-442D-B3F9-C071D81C1A12}.Debug|Any CPU.ActiveCfg = Debug|Any CPU
		{18CCE8E0-2FFE-442D-B3F9-C071D81C1A12}.Debug|Any CPU.Build.0 = Debug|Any CPU
		{18CCE8E0-2FFE-442D-B3F9-C071D81C1A12}.Debug|x86.ActiveCfg = Debug|Any CPU
		{18CCE8E0-2FFE-442D-B3F9-C071D81C1A12}.Debug|x86.Build.0 = Debug|Any CPU
		{18CCE8E0-2FFE-442D-B3F9-C071D81C1A12}.Release|Any CPU.ActiveCfg = Debug|Any CPU
		{18CCE8E0-2FFE-442D-B3F9-C071D81C1A12}.Release|Any CPU.Build.0 = Debug|Any CPU
		{18CCE8E0-2FFE-442D-B3F9-C071D81C1A12}.Release|x86.ActiveCfg = Debug|Any CPU
		{18CCE8E0-2FFE-442D-B3F9-C071D81C1A12}.Release|x86.Build.0 = Debug|Any CPU
		{DF5C0EC7-547A-47FD-B3DF-FB5BBDDFCAAA}.Debug|Any CPU.ActiveCfg = Debug|Any CPU
		{DF5C0EC7-547A-47FD-B3DF-FB5BBDDFCAAA}.Debug|Any CPU.Build.0 = Debug|Any CPU
		{DF5C0EC7-547A-47FD-B3DF-FB5BBDDFCAAA}.Debug|Any CPU.Deploy.0 = Debug|Any CPU
		{DF5C0EC7-547A-47FD-B3DF-FB5BBDDFCAAA}.Debug|x86.ActiveCfg = Debug|Any CPU
		{DF5C0EC7-547A-47FD-B3DF-FB5BBDDFCAAA}.Debug|x86.Build.0 = Debug|Any CPU
		{DF5C0EC7-547A-47FD-B3DF-FB5BBDDFCAAA}.Debug|x86.Deploy.0 = Debug|Any CPU
		{DF5C0EC7-547A-47FD-B3DF-FB5BBDDFCAAA}.Release|Any CPU.ActiveCfg = Release|Any CPU
		{DF5C0EC7-547A-47FD-B3DF-FB5BBDDFCAAA}.Release|Any CPU.Build.0 = Release|Any CPU
		{DF5C0EC7-547A-47FD-B3DF-FB5BBDDFCAAA}.Release|Any CPU.Deploy.0 = Release|Any CPU
		{DF5C0EC7-547A-47FD-B3DF-FB5BBDDFCAAA}.Release|x86.ActiveCfg = Release|Any CPU
		{DF5C0EC7-547A-47FD-B3DF-FB5BBDDFCAAA}.Release|x86.Build.0 = Release|Any CPU
		{DF5C0EC7-547A-47FD-B3DF-FB5BBDDFCAAA}.Release|x86.Deploy.0 = Release|Any CPU
		{9F6F419A-3C65-4240-9386-439CC5CC2A96}.Debug|Any CPU.ActiveCfg = Debug|Any CPU
		{9F6F419A-3C65-4240-9386-439CC5CC2A96}.Debug|Any CPU.Build.0 = Debug|Any CPU
		{9F6F419A-3C65-4240-9386-439CC5CC2A96}.Debug|x86.ActiveCfg = Debug|Any CPU
		{9F6F419A-3C65-4240-9386-439CC5CC2A96}.Debug|x86.Build.0 = Debug|Any CPU
		{9F6F419A-3C65-4240-9386-439CC5CC2A96}.Release|Any CPU.ActiveCfg = Release|Any CPU
		{9F6F419A-3C65-4240-9386-439CC5CC2A96}.Release|Any CPU.Build.0 = Release|Any CPU
		{9F6F419A-3C65-4240-9386-439CC5CC2A96}.Release|x86.ActiveCfg = Release|Any CPU
		{9F6F419A-3C65-4240-9386-439CC5CC2A96}.Release|x86.Build.0 = Release|Any CPU
	EndGlobalSection
	GlobalSection(SolutionProperties) = preSolution
		HideSolutionNode = FALSE
	EndGlobalSection
	GlobalSection(NestedProjects) = preSolution
		{8D49DB02-5F0F-4F27-91B8-DE532E9C9AA7} = {440EEF7C-50B6-477F-A888-01F9EC6BDB84}
		{62145CD0-BE9A-4BAD-9626-5278A9106BC5} = {440EEF7C-50B6-477F-A888-01F9EC6BDB84}
		{DF5C0EC7-547A-47FD-B3DF-FB5BBDDFCAAA} = {440EEF7C-50B6-477F-A888-01F9EC6BDB84}
	EndGlobalSection
	GlobalSection(ExtensibilityGlobals) = postSolution
		SolutionGuid = {ACC9DC03-B8B2-486C-9860-BBBA012F73A3}
	EndGlobalSection
EndGlobal
